
Microsoft Visual Studio Solution File, Format Version 12.00
Project("{FAE04EC0-301F-11D3-BF4B-00C04F79EFBC}") = "Irvin.Fludal", "Irvin.Fludal\Irvin.Fludal.csproj", "{36BD749D-71C2-4465-B4E8-9627660BD9AD}"
EndProject
Project("{FAE04EC0-301F-11D3-BF4B-00C04F79EFBC}") = "Irvin.Fludal.SqlClient", "Irvin.Fludal.SqlClient\Irvin.Fludal.SqlClient.csproj", "{DE387B04-E63D-4C05-842D-A9CBCBCA1000}"
EndProject
Project("{FAE04EC0-301F-11D3-BF4B-00C04F79EFBC}") = "Tests", "Tests\Tests.csproj", "{32C7FC90-A513-48B6-A3CA-5FE46804DFC3}"
EndProject
Project("{2150E333-8FDC-42A3-9474-1A3956D46DE8}") = "lib", "lib", "{12BA2DE2-CD3B-4025-AE4D-4CDA2CB27533}"
EndProject
Project("{FAE04EC0-301F-11D3-BF4B-00C04F79EFBC}") = "SystemExtensions.Standard", "system-extensions\SystemExtensions.Standard\SystemExtensions.Standard.csproj", "{610E9F28-E72C-44D1-8E1E-712371093AE3}"
EndProject
Project("{FAE04EC0-301F-11D3-BF4B-00C04F79EFBC}") = "SystemExtensions.Framework", "system-extensions\SystemExtensions.Framework\SystemExtensions.Framework.csproj", "{0544A253-746A-419F-B4A6-B7ED03083BFC}"
EndProject
Project("{FAE04EC0-301F-11D3-BF4B-00C04F79EFBC}") = "SystemExtensions.Test", "system-extensions\SystemExtensions.Test\SystemExtensions.Test.csproj", "{FBE39DB0-2568-4C55-B3EC-CBCC51ABA33E}"
EndProject
Project("{FAE04EC0-301F-11D3-BF4B-00C04F79EFBC}") = "Irvin.TypeConversion", "Irvin.TypeConversion\Irvin.TypeConversion.csproj", "{2C0BAC8D-E765-4E82-9C95-B64D39130265}"
EndProject
Global
	GlobalSection(SolutionConfigurationPlatforms) = preSolution
		Debug|Any CPU = Debug|Any CPU
		Release|Any CPU = Release|Any CPU
	EndGlobalSection
	GlobalSection(ProjectConfigurationPlatforms) = postSolution
		{36BD749D-71C2-4465-B4E8-9627660BD9AD}.Debug|Any CPU.ActiveCfg = Debug|Any CPU
		{36BD749D-71C2-4465-B4E8-9627660BD9AD}.Debug|Any CPU.Build.0 = Debug|Any CPU
		{36BD749D-71C2-4465-B4E8-9627660BD9AD}.Release|Any CPU.ActiveCfg = Release|Any CPU
		{36BD749D-71C2-4465-B4E8-9627660BD9AD}.Release|Any CPU.Build.0 = Release|Any CPU
		{DE387B04-E63D-4C05-842D-A9CBCBCA1000}.Debug|Any CPU.ActiveCfg = Debug|Any CPU
		{DE387B04-E63D-4C05-842D-A9CBCBCA1000}.Debug|Any CPU.Build.0 = Debug|Any CPU
		{DE387B04-E63D-4C05-842D-A9CBCBCA1000}.Release|Any CPU.ActiveCfg = Release|Any CPU
		{DE387B04-E63D-4C05-842D-A9CBCBCA1000}.Release|Any CPU.Build.0 = Release|Any CPU
		{32C7FC90-A513-48B6-A3CA-5FE46804DFC3}.Debug|Any CPU.ActiveCfg = Debug|Any CPU
		{32C7FC90-A513-48B6-A3CA-5FE46804DFC3}.Debug|Any CPU.Build.0 = Debug|Any CPU
		{32C7FC90-A513-48B6-A3CA-5FE46804DFC3}.Release|Any CPU.ActiveCfg = Release|Any CPU
		{32C7FC90-A513-48B6-A3CA-5FE46804DFC3}.Release|Any CPU.Build.0 = Release|Any CPU
		{610E9F28-E72C-44D1-8E1E-712371093AE3}.Debug|Any CPU.ActiveCfg = Debug|Any CPU
		{610E9F28-E72C-44D1-8E1E-712371093AE3}.Debug|Any CPU.Build.0 = Debug|Any CPU
		{610E9F28-E72C-44D1-8E1E-712371093AE3}.Release|Any CPU.ActiveCfg = Release|Any CPU
		{610E9F28-E72C-44D1-8E1E-712371093AE3}.Release|Any CPU.Build.0 = Release|Any CPU
		{0544A253-746A-419F-B4A6-B7ED03083BFC}.Debug|Any CPU.ActiveCfg = Debug|Any CPU
		{0544A253-746A-419F-B4A6-B7ED03083BFC}.Debug|Any CPU.Build.0 = Debug|Any CPU
		{0544A253-746A-419F-B4A6-B7ED03083BFC}.Release|Any CPU.ActiveCfg = Release|Any CPU
		{0544A253-746A-419F-B4A6-B7ED03083BFC}.Release|Any CPU.Build.0 = Release|Any CPU
		{FBE39DB0-2568-4C55-B3EC-CBCC51ABA33E}.Debug|Any CPU.ActiveCfg = Debug|Any CPU
		{FBE39DB0-2568-4C55-B3EC-CBCC51ABA33E}.Debug|Any CPU.Build.0 = Debug|Any CPU
		{FBE39DB0-2568-4C55-B3EC-CBCC51ABA33E}.Release|Any CPU.ActiveCfg = Release|Any CPU
		{FBE39DB0-2568-4C55-B3EC-CBCC51ABA33E}.Release|Any CPU.Build.0 = Release|Any CPU
		{2C0BAC8D-E765-4E82-9C95-B64D39130265}.Debug|Any CPU.ActiveCfg = Debug|Any CPU
		{2C0BAC8D-E765-4E82-9C95-B64D39130265}.Debug|Any CPU.Build.0 = Debug|Any CPU
		{2C0BAC8D-E765-4E82-9C95-B64D39130265}.Release|Any CPU.ActiveCfg = Release|Any CPU
		{2C0BAC8D-E765-4E82-9C95-B64D39130265}.Release|Any CPU.Build.0 = Release|Any CPU
	EndGlobalSection
	GlobalSection(NestedProjects) = preSolution
		{610E9F28-E72C-44D1-8E1E-712371093AE3} = {12BA2DE2-CD3B-4025-AE4D-4CDA2CB27533}
		{0544A253-746A-419F-B4A6-B7ED03083BFC} = {12BA2DE2-CD3B-4025-AE4D-4CDA2CB27533}
		{FBE39DB0-2568-4C55-B3EC-CBCC51ABA33E} = {12BA2DE2-CD3B-4025-AE4D-4CDA2CB27533}
	EndGlobalSection
EndGlobal
