
Microsoft Visual Studio Solution File, Format Version 12.00
Project("{FAE04EC0-301F-11D3-BF4B-00C04F79EFBC}") = "Irvin.Fludal", "Irvin.Fludal\Irvin.Fludal.csproj", "{36BD749D-71C2-4465-B4E8-9627660BD9AD}"
EndProject
Project("{FAE04EC0-301F-11D3-BF4B-00C04F79EFBC}") = "Irvin.Fludal.SqlClient", "Irvin.Fludal.SqlClient\Irvin.Fludal.SqlClient.csproj", "{DE387B04-E63D-4C05-842D-A9CBCBCA1000}"
EndProject
Project("{FAE04EC0-301F-11D3-BF4B-00C04F79EFBC}") = "Tests", "Tests\Tests.csproj", "{32C7FC90-A513-48B6-A3CA-5FE46804DFC3}"
EndProject
Project("{FAE04EC0-301F-11D3-BF4B-00C04F79EFBC}") = "Irvin.Fludal.Postgres", "Irvin.Fludal.Postgres\Irvin.Fludal.Postgres.csproj", "{2243DC36-119C-40A9-B4B1-172407047268}"
EndProject
Global
	GlobalSection(SolutionConfigurationPlatforms) = preSolution
		Debug|Any CPU = Debug|Any CPU
		Release|Any CPU = Release|Any CPU
	EndGlobalSection
	GlobalSection(ProjectConfigurationPlatforms) = postSolution
		{36BD749D-71C2-4465-B4E8-9627660BD9AD}.Debug|Any CPU.ActiveCfg = Debug|Any CPU
		{36BD749D-71C2-4465-B4E8-9627660BD9AD}.Debug|Any CPU.Build.0 = Debug|Any CPU
		{36BD749D-71C2-4465-B4E8-9627660BD9AD}.Release|Any CPU.ActiveCfg = Release|Any CPU
		{36BD749D-71C2-4465-B4E8-9627660BD9AD}.Release|Any CPU.Build.0 = Release|Any CPU
		{DE387B04-E63D-4C05-842D-A9CBCBCA1000}.Debug|Any CPU.ActiveCfg = Debug|Any CPU
		{DE387B04-E63D-4C05-842D-A9CBCBCA1000}.Debug|Any CPU.Build.0 = Debug|Any CPU
		{DE387B04-E63D-4C05-842D-A9CBCBCA1000}.Release|Any CPU.ActiveCfg = Release|Any CPU
		{DE387B04-E63D-4C05-842D-A9CBCBCA1000}.Release|Any CPU.Build.0 = Release|Any CPU
		{32C7FC90-A513-48B6-A3CA-5FE46804DFC3}.Debug|Any CPU.ActiveCfg = Debug|Any CPU
		{32C7FC90-A513-48B6-A3CA-5FE46804DFC3}.Debug|Any CPU.Build.0 = Debug|Any CPU
		{32C7FC90-A513-48B6-A3CA-5FE46804DFC3}.Release|Any CPU.ActiveCfg = Release|Any CPU
		{32C7FC90-A513-48B6-A3CA-5FE46804DFC3}.Release|Any CPU.Build.0 = Release|Any CPU
		{2243DC36-119C-40A9-B4B1-172407047268}.Debug|Any CPU.ActiveCfg = Debug|Any CPU
		{2243DC36-119C-40A9-B4B1-172407047268}.Debug|Any CPU.Build.0 = Debug|Any CPU
		{2243DC36-119C-40A9-B4B1-172407047268}.Release|Any CPU.ActiveCfg = Release|Any CPU
		{2243DC36-119C-40A9-B4B1-172407047268}.Release|Any CPU.Build.0 = Release|Any CPU
	EndGlobalSection
	GlobalSection(NestedProjects) = preSolution
	EndGlobalSection
EndGlobal
